
Microsoft Visual Studio Solution File, Format Version 12.00
# Visual Studio Version 16
VisualStudioVersion = 16.0.30907.101
MinimumVisualStudioVersion = 10.0.40219.1
Project("{FAE04EC0-301F-11D3-BF4B-00C04F79EFBC}") = "WindowsFormsApp2", "WindowsFormsApp2\WindowsFormsApp2.csproj", "{137D6FED-92D0-4819-901D-6652F0ECE274}"
EndProject
Global
	GlobalSection(SolutionConfigurationPlatforms) = preSolution
		Debug|Any CPU = Debug|Any CPU
		Release|Any CPU = Release|Any CPU
	EndGlobalSection
	GlobalSection(ProjectConfigurationPlatforms) = postSolution
		{137D6FED-92D0-4819-901D-6652F0ECE274}.Debug|Any CPU.ActiveCfg = Debug|Any CPU
		{137D6FED-92D0-4819-901D-6652F0ECE274}.Debug|Any CPU.Build.0 = Debug|Any CPU
		{137D6FED-92D0-4819-901D-6652F0ECE274}.Release|Any CPU.ActiveCfg = Release|Any CPU
		{137D6FED-92D0-4819-901D-6652F0ECE274}.Release|Any CPU.Build.0 = Release|Any CPU
	EndGlobalSection
	GlobalSection(SolutionProperties) = preSolution
		HideSolutionNode = FALSE
	EndGlobalSection
	GlobalSection(ExtensibilityGlobals) = postSolution
		SolutionGuid = {65DAE7D2-04BC-4F7E-8D03-798058A71665}
	EndGlobalSection
EndGlobal
